{
	"name": "@lynxwall/cucumber-tsflow",
	"version": "6.0.0",
	"lockfileVersion": 2,
	"requires": true,
	"packages": {
		"": {
			"name": "@lynxwall/cucumber-tsflow",
			"version": "6.0.0",
			"license": "MIT",
			"dependencies": {
				"callsites": "^3.1.0",
				"log4js": "^6.4.2",
				"source-map-support": "^0.5.21",
				"underscore": "^1.13.2"
			},
			"devDependencies": {
				"@types/source-map-support": "^0.5.4"
			}
		},
		"node_modules/@types/source-map-support": {
			"version": "0.5.4",
			"resolved": "https://registry.npmjs.org/@types/source-map-support/-/source-map-support-0.5.4.tgz",
			"integrity": "sha512-9zGujX1sOPg32XLyfgEB/0G9ZnrjthL/Iv1ZfuAjj8LEilHZEpQSQs1scpRXPhHzGYgWiLz9ldF1cI8JhL+yMw==",
			"dev": true,
			"dependencies": {
				"source-map": "^0.6.0"
			}
		},
		"node_modules/buffer-from": {
			"version": "1.1.2",
			"resolved": "https://registry.npmjs.org/buffer-from/-/buffer-from-1.1.2.tgz",
			"integrity": "sha512-E+XQCRwSbaaiChtv6k6Dwgc+bx+Bs6vuKJHHl5kox/BaKbhiXzqQOwK4cO22yElGp2OCmjwVhT3HmxgyPGnJfQ=="
		},
		"node_modules/callsites": {
			"version": "3.1.0",
			"resolved": "https://registry.npmjs.org/callsites/-/callsites-3.1.0.tgz",
			"integrity": "sha512-P8BjAsXvZS+VIDUI11hHCQEv74YT67YUi5JJFNWIqL235sBmjX4+qx9Muvls5ivyNENctx46xQLQ3aTuE7ssaQ==",
			"engines": {
				"node": ">=6"
			}
		},
		"node_modules/date-format": {
			"version": "4.0.4",
			"resolved": "https://registry.npmjs.org/date-format/-/date-format-4.0.4.tgz",
			"integrity": "sha512-/jyf4rhB17ge328HJuJjAcmRtCsGd+NDeAtahRBTaK6vSPR6MO5HlrAit3Nn7dVjaa6sowW0WXt8yQtLyZQFRg==",
			"engines": {
				"node": ">=4.0"
			}
		},
		"node_modules/debug": {
			"version": "4.3.3",
			"resolved": "https://registry.npmjs.org/debug/-/debug-4.3.3.tgz",
			"integrity": "sha512-/zxw5+vh1Tfv+4Qn7a5nsbcJKPaSvCDhojn6FEl9vupwK2VCSDtEiEtqr8DFtzYFOdz63LBkxec7DYuc2jon6Q==",
			"dependencies": {
				"ms": "2.1.2"
			},
			"engines": {
				"node": ">=6.0"
			},
			"peerDependenciesMeta": {
				"supports-color": {
					"optional": true
				}
			}
		},
		"node_modules/flatted": {
			"version": "3.2.5",
			"resolved": "https://registry.npmjs.org/flatted/-/flatted-3.2.5.tgz",
			"integrity": "sha512-WIWGi2L3DyTUvUrwRKgGi9TwxQMUEqPOPQBVi71R96jZXJdFskXEmf54BoZaS1kknGODoIGASGEzBUYdyMCBJg=="
		},
		"node_modules/fs-extra": {
			"version": "10.0.1",
			"resolved": "https://registry.npmjs.org/fs-extra/-/fs-extra-10.0.1.tgz",
			"integrity": "sha512-NbdoVMZso2Lsrn/QwLXOy6rm0ufY2zEOKCDzJR/0kBsb0E6qed0P3iYK+Ath3BfvXEeu4JhEtXLgILx5psUfag==",
			"dependencies": {
				"graceful-fs": "^4.2.0",
				"jsonfile": "^6.0.1",
				"universalify": "^2.0.0"
			},
			"engines": {
				"node": ">=12"
			}
		},
		"node_modules/graceful-fs": {
			"version": "4.2.9",
			"resolved": "https://registry.npmjs.org/graceful-fs/-/graceful-fs-4.2.9.tgz",
			"integrity": "sha512-NtNxqUcXgpW2iMrfqSfR73Glt39K+BLwWsPs94yR63v45T0Wbej7eRmL5cWfwEgqXnmjQp3zaJTshdRW/qC2ZQ=="
		},
		"node_modules/jsonfile": {
			"version": "6.1.0",
			"resolved": "https://registry.npmjs.org/jsonfile/-/jsonfile-6.1.0.tgz",
			"integrity": "sha512-5dgndWOriYSm5cnYaJNhalLNDKOqFwyDB/rr1E9ZsGciGvKPs8R2xYGCacuf3z6K1YKDz182fd+fY3cn3pMqXQ==",
			"dependencies": {
				"universalify": "^2.0.0"
			},
			"optionalDependencies": {
				"graceful-fs": "^4.1.6"
			}
		},
		"node_modules/log4js": {
			"version": "6.4.2",
			"resolved": "https://registry.npmjs.org/log4js/-/log4js-6.4.2.tgz",
			"integrity": "sha512-k80cggS2sZQLBwllpT1p06GtfvzMmSdUCkW96f0Hj83rKGJDAu2vZjt9B9ag2vx8Zz1IXzxoLgqvRJCdMKybGg==",
			"dependencies": {
				"date-format": "^4.0.4",
				"debug": "^4.3.3",
				"flatted": "^3.2.5",
				"rfdc": "^1.3.0",
				"streamroller": "^3.0.4"
			},
			"engines": {
				"node": ">=8.0"
			}
		},
		"node_modules/ms": {
			"version": "2.1.2",
			"resolved": "https://registry.npmjs.org/ms/-/ms-2.1.2.tgz",
			"integrity": "sha512-sGkPx+VjMtmA6MX27oA4FBFELFCZZ4S4XqeGOXCv68tT+jb3vk/RyaKWP0PTKyWtmLSM0b+adUTEvbs1PEaH2w=="
		},
		"node_modules/rfdc": {
			"version": "1.3.0",
			"resolved": "https://registry.npmjs.org/rfdc/-/rfdc-1.3.0.tgz",
			"integrity": "sha512-V2hovdzFbOi77/WajaSMXk2OLm+xNIeQdMMuB7icj7bk6zi2F8GGAxigcnDFpJHbNyNcgyJDiP+8nOrY5cZGrA=="
		},
		"node_modules/source-map": {
			"version": "0.6.1",
			"resolved": "https://registry.npmjs.org/source-map/-/source-map-0.6.1.tgz",
			"integrity": "sha512-UjgapumWlbMhkBgzT7Ykc5YXUT46F0iKu8SGXq0bcwP5dz/h0Plj6enJqjz1Zbq2l5WaqYnrVbwWOWMyF3F47g==",
			"engines": {
				"node": ">=0.10.0"
			}
		},
		"node_modules/source-map-support": {
			"version": "0.5.21",
			"resolved": "https://registry.npmjs.org/source-map-support/-/source-map-support-0.5.21.tgz",
			"integrity": "sha512-uBHU3L3czsIyYXKX88fdrGovxdSCoTGDRZ6SYXtSRxLZUzHg5P/66Ht6uoUlHu9EZod+inXhKo3qQgwXUT/y1w==",
			"dependencies": {
				"buffer-from": "^1.0.0",
				"source-map": "^0.6.0"
			}
		},
		"node_modules/streamroller": {
			"version": "3.0.4",
			"resolved": "https://registry.npmjs.org/streamroller/-/streamroller-3.0.4.tgz",
			"integrity": "sha512-GI9NzeD+D88UFuIlJkKNDH/IsuR+qIN7Qh8EsmhoRZr9bQoehTraRgwtLUkZbpcAw+hLPfHOypmppz8YyGK68w==",
			"dependencies": {
				"date-format": "^4.0.4",
				"debug": "^4.3.3",
				"fs-extra": "^10.0.1"
			},
			"engines": {
				"node": ">=8.0"
			}
		},
		"node_modules/underscore": {
			"version": "1.13.2",
			"resolved": "https://registry.npmjs.org/underscore/-/underscore-1.13.2.tgz",
			"integrity": "sha512-ekY1NhRzq0B08g4bGuX4wd2jZx5GnKz6mKSqFL4nqBlfyMGiG10gDFhDTMEfYmDL6Jy0FUIZp7wiRB+0BP7J2g=="
		},
		"node_modules/universalify": {
			"version": "2.0.0",
			"resolved": "https://registry.npmjs.org/universalify/-/universalify-2.0.0.tgz",
			"integrity": "sha512-hAZsKq7Yy11Zu1DE0OzWjw7nnLZmJZYTDZZyEFHZdUhV8FkH5MCfoU1XMaxXovpyW5nq5scPqq0ZDP9Zyl04oQ==",
			"engines": {
				"node": ">= 10.0.0"
			}
		}
	},
	"dependencies": {
		"@types/source-map-support": {
			"version": "0.5.4",
			"resolved": "https://registry.npmjs.org/@types/source-map-support/-/source-map-support-0.5.4.tgz",
			"integrity": "sha512-9zGujX1sOPg32XLyfgEB/0G9ZnrjthL/Iv1ZfuAjj8LEilHZEpQSQs1scpRXPhHzGYgWiLz9ldF1cI8JhL+yMw==",
			"dev": true,
			"requires": {
				"source-map": "^0.6.0"
			}
		},
		"buffer-from": {
			"version": "1.1.2",
			"resolved": "https://registry.npmjs.org/buffer-from/-/buffer-from-1.1.2.tgz",
			"integrity": "sha512-E+XQCRwSbaaiChtv6k6Dwgc+bx+Bs6vuKJHHl5kox/BaKbhiXzqQOwK4cO22yElGp2OCmjwVhT3HmxgyPGnJfQ=="
		},
		"callsites": {
			"version": "3.1.0",
			"resolved": "https://registry.npmjs.org/callsites/-/callsites-3.1.0.tgz",
			"integrity": "sha512-P8BjAsXvZS+VIDUI11hHCQEv74YT67YUi5JJFNWIqL235sBmjX4+qx9Muvls5ivyNENctx46xQLQ3aTuE7ssaQ=="
		},
		"date-format": {
			"version": "4.0.4",
			"resolved": "https://registry.npmjs.org/date-format/-/date-format-4.0.4.tgz",
			"integrity": "sha512-/jyf4rhB17ge328HJuJjAcmRtCsGd+NDeAtahRBTaK6vSPR6MO5HlrAit3Nn7dVjaa6sowW0WXt8yQtLyZQFRg=="
		},
		"debug": {
			"version": "4.3.3",
			"resolved": "https://registry.npmjs.org/debug/-/debug-4.3.3.tgz",
			"integrity": "sha512-/zxw5+vh1Tfv+4Qn7a5nsbcJKPaSvCDhojn6FEl9vupwK2VCSDtEiEtqr8DFtzYFOdz63LBkxec7DYuc2jon6Q==",
			"requires": {
				"ms": "2.1.2"
			}
		},
		"flatted": {
			"version": "3.2.5",
			"resolved": "https://registry.npmjs.org/flatted/-/flatted-3.2.5.tgz",
			"integrity": "sha512-WIWGi2L3DyTUvUrwRKgGi9TwxQMUEqPOPQBVi71R96jZXJdFskXEmf54BoZaS1kknGODoIGASGEzBUYdyMCBJg=="
		},
		"fs-extra": {
			"version": "10.0.1",
			"resolved": "https://registry.npmjs.org/fs-extra/-/fs-extra-10.0.1.tgz",
			"integrity": "sha512-NbdoVMZso2Lsrn/QwLXOy6rm0ufY2zEOKCDzJR/0kBsb0E6qed0P3iYK+Ath3BfvXEeu4JhEtXLgILx5psUfag==",
			"requires": {
				"graceful-fs": "^4.2.0",
				"jsonfile": "^6.0.1",
				"universalify": "^2.0.0"
			}
		},
		"graceful-fs": {
			"version": "4.2.9",
			"resolved": "https://registry.npmjs.org/graceful-fs/-/graceful-fs-4.2.9.tgz",
			"integrity": "sha512-NtNxqUcXgpW2iMrfqSfR73Glt39K+BLwWsPs94yR63v45T0Wbej7eRmL5cWfwEgqXnmjQp3zaJTshdRW/qC2ZQ=="
		},
		"jsonfile": {
			"version": "6.1.0",
			"resolved": "https://registry.npmjs.org/jsonfile/-/jsonfile-6.1.0.tgz",
			"integrity": "sha512-5dgndWOriYSm5cnYaJNhalLNDKOqFwyDB/rr1E9ZsGciGvKPs8R2xYGCacuf3z6K1YKDz182fd+fY3cn3pMqXQ==",
			"requires": {
				"graceful-fs": "^4.1.6",
				"universalify": "^2.0.0"
			}
		},
		"log4js": {
			"version": "6.4.2",
			"resolved": "https://registry.npmjs.org/log4js/-/log4js-6.4.2.tgz",
			"integrity": "sha512-k80cggS2sZQLBwllpT1p06GtfvzMmSdUCkW96f0Hj83rKGJDAu2vZjt9B9ag2vx8Zz1IXzxoLgqvRJCdMKybGg==",
			"requires": {
				"date-format": "^4.0.4",
				"debug": "^4.3.3",
				"flatted": "^3.2.5",
				"rfdc": "^1.3.0",
				"streamroller": "^3.0.4"
			}
		},
		"ms": {
			"version": "2.1.2",
			"resolved": "https://registry.npmjs.org/ms/-/ms-2.1.2.tgz",
			"integrity": "sha512-sGkPx+VjMtmA6MX27oA4FBFELFCZZ4S4XqeGOXCv68tT+jb3vk/RyaKWP0PTKyWtmLSM0b+adUTEvbs1PEaH2w=="
		},
		"rfdc": {
			"version": "1.3.0",
			"resolved": "https://registry.npmjs.org/rfdc/-/rfdc-1.3.0.tgz",
			"integrity": "sha512-V2hovdzFbOi77/WajaSMXk2OLm+xNIeQdMMuB7icj7bk6zi2F8GGAxigcnDFpJHbNyNcgyJDiP+8nOrY5cZGrA=="
		},
		"source-map": {
			"version": "0.6.1",
			"resolved": "https://registry.npmjs.org/source-map/-/source-map-0.6.1.tgz",
			"integrity": "sha512-UjgapumWlbMhkBgzT7Ykc5YXUT46F0iKu8SGXq0bcwP5dz/h0Plj6enJqjz1Zbq2l5WaqYnrVbwWOWMyF3F47g=="
		},
		"source-map-support": {
			"version": "0.5.21",
			"resolved": "https://registry.npmjs.org/source-map-support/-/source-map-support-0.5.21.tgz",
			"integrity": "sha512-uBHU3L3czsIyYXKX88fdrGovxdSCoTGDRZ6SYXtSRxLZUzHg5P/66Ht6uoUlHu9EZod+inXhKo3qQgwXUT/y1w==",
			"requires": {
				"buffer-from": "^1.0.0",
				"source-map": "^0.6.0"
			}
		},
		"streamroller": {
			"version": "3.0.4",
			"resolved": "https://registry.npmjs.org/streamroller/-/streamroller-3.0.4.tgz",
			"integrity": "sha512-GI9NzeD+D88UFuIlJkKNDH/IsuR+qIN7Qh8EsmhoRZr9bQoehTraRgwtLUkZbpcAw+hLPfHOypmppz8YyGK68w==",
			"requires": {
				"date-format": "^4.0.4",
				"debug": "^4.3.3",
				"fs-extra": "^10.0.1"
			}
		},
		"underscore": {
			"version": "1.13.2",
			"resolved": "https://registry.npmjs.org/underscore/-/underscore-1.13.2.tgz",
			"integrity": "sha512-ekY1NhRzq0B08g4bGuX4wd2jZx5GnKz6mKSqFL4nqBlfyMGiG10gDFhDTMEfYmDL6Jy0FUIZp7wiRB+0BP7J2g=="
		},
		"universalify": {
			"version": "2.0.0",
			"resolved": "https://registry.npmjs.org/universalify/-/universalify-2.0.0.tgz",
			"integrity": "sha512-hAZsKq7Yy11Zu1DE0OzWjw7nnLZmJZYTDZZyEFHZdUhV8FkH5MCfoU1XMaxXovpyW5nq5scPqq0ZDP9Zyl04oQ=="
		}
	}
}
